<Solution>
  <Folder Name="/samples/">
    <Project Path="samples/Dut00.AppInfo.Sample.Api/Dut00.AppInfo.Sample.Api.csproj" />
  </Folder>
  <Folder Name="/src/">
    <Project Path="src/Dut00.AppInfo.Configuration/Dut00.AppInfo.Configuration.csproj" />
    <Project Path="src/Dut00.AppInfo.ConnectionStrings/Dut00.AppInfo.ConnectionStrings.csproj" />
    <Project Path="src/Dut00.AppInfo.Environment/Dut00.AppInfo.Environment.csproj" />
    <Project Path="src/Dut00.AppInfo/Dut00.AppInfo.csproj" />
  </Folder>
  <Folder Name="/test/">
    <Project Path="test/Dut00.AppInfo.Configuration.Tests/Dut00.AppInfo.Configuration.Tests.csproj" />
    <Project Path="test/Dut00.AppInfo.ConnectionStrings.Tests/Dut00.AppInfo.ConnectionStrings.Tests.csproj" />
    <Project Path="test/Dut00.AppInfo.Environment.Tests/Dut00.AppInfo.Environment.Tests.csproj" />
    <Project Path="test/Dut00.AppInfo.Tests/Dut00.AppInfo.Tests.csproj" />
  </Folder>
</Solution>
